// !$*UTF8*$!
{
	archiveVersion = 1;
	classes = {
	};
	objectVersion = 56;
	objects = {

/* Begin PBXBuildFile section */
		CE4922A82BB580F700BBF129 /* AppDelegate.swift in Sources */ = {isa = PBXBuildFile; fileRef = CE4922A72BB580F700BBF129 /* AppDelegate.swift */; };
		CE4922AA2BB580F700BBF129 /* SceneDelegate.swift in Sources */ = {isa = PBXBuildFile; fileRef = CE4922A92BB580F700BBF129 /* SceneDelegate.swift */; };
		CE4922AC2BB580F700BBF129 /* GameViewController.swift in Sources */ = {isa = PBXBuildFile; fileRef = CE4922AB2BB580F700BBF129 /* GameViewController.swift */; };
		CE4922AF2BB580F700BBF129 /* Base in Resources */ = {isa = PBXBuildFile; fileRef = CE4922AE2BB580F700BBF129 /* Base */; };
		CE4922B22BB580F700BBF129 /* SpeedWriteApp.xcdatamodeld in Sources */ = {isa = PBXBuildFile; fileRef = CE4922B02BB580F700BBF129 /* SpeedWriteApp.xcdatamodeld */; };
		CE4922B42BB580F900BBF129 /* Assets.xcassets in Resources */ = {isa = PBXBuildFile; fileRef = CE4922B32BB580F900BBF129 /* Assets.xcassets */; };
		CE4922B72BB580F900BBF129 /* Base in Resources */ = {isa = PBXBuildFile; fileRef = CE4922B62BB580F900BBF129 /* Base */; };
		CE4922C22BB580F900BBF129 /* SpeedWriteAppTests.swift in Sources */ = {isa = PBXBuildFile; fileRef = CE4922C12BB580F900BBF129 /* SpeedWriteAppTests.swift */; };
		CE4922CC2BB580F900BBF129 /* SpeedWriteAppUITests.swift in Sources */ = {isa = PBXBuildFile; fileRef = CE4922CB2BB580F900BBF129 /* SpeedWriteAppUITests.swift */; };
		CE4922CE2BB580F900BBF129 /* SpeedWriteAppUITestsLaunchTests.swift in Sources */ = {isa = PBXBuildFile; fileRef = CE4922CD2BB580F900BBF129 /* SpeedWriteAppUITestsLaunchTests.swift */; };
		CE4922DC2BB5AFD500BBF129 /* ShowScoreTableViewCell.xib in Resources */ = {isa = PBXBuildFile; fileRef = CE4922DB2BB5AFD500BBF129 /* ShowScoreTableViewCell.xib */; };
		CE4922DD2BB5AFD500BBF129 /* ShowScoreTableViewCell.swift in Sources */ = {isa = PBXBuildFile; fileRef = CE4922DA2BB5AFD500BBF129 /* ShowScoreTableViewCell.swift */; };
/* End PBXBuildFile section */

/* Begin PBXContainerItemProxy section */
		CE4922BE2BB580F900BBF129 /* PBXContainerItemProxy */ = {
			isa = PBXContainerItemProxy;
			containerPortal = CE49229C2BB580F700BBF129 /* Project object */;
			proxyType = 1;
			remoteGlobalIDString = CE4922A32BB580F700BBF129;
			remoteInfo = SpeedWriteApp;
		};
		CE4922C82BB580F900BBF129 /* PBXContainerItemProxy */ = {
			isa = PBXContainerItemProxy;
			containerPortal = CE49229C2BB580F700BBF129 /* Project object */;
			proxyType = 1;
			remoteGlobalIDString = CE4922A32BB580F700BBF129;
			remoteInfo = SpeedWriteApp;
		};
/* End PBXContainerItemProxy section */

/* Begin PBXFileReference section */
		CE4922A42BB580F700BBF129 /* SpeedWriteApp.app */ = {isa = PBXFileReference; explicitFileType = wrapper.application; includeInIndex = 0; path = SpeedWriteApp.app; sourceTree = BUILT_PRODUCTS_DIR; };
		CE4922A72BB580F700BBF129 /* AppDelegate.swift */ = {isa = PBXFileReference; lastKnownFileType = sourcecode.swift; path = AppDelegate.swift; sourceTree = "<group>"; };
		CE4922A92BB580F700BBF129 /* SceneDelegate.swift */ = {isa = PBXFileReference; lastKnownFileType = sourcecode.swift; path = SceneDelegate.swift; sourceTree = "<group>"; };
		CE4922AB2BB580F700BBF129 /* GameViewController.swift */ = {isa = PBXFileReference; lastKnownFileType = sourcecode.swift; path = GameViewController.swift; sourceTree = "<group>"; };
		CE4922AE2BB580F700BBF129 /* Base */ = {isa = PBXFileReference; lastKnownFileType = file.storyboard; name = Base; path = Base.lproj/Main.storyboard; sourceTree = "<group>"; };
		CE4922B12BB580F700BBF129 /* SpeedWriteApp.xcdatamodel */ = {isa = PBXFileReference; lastKnownFileType = wrapper.xcdatamodel; path = SpeedWriteApp.xcdatamodel; sourceTree = "<group>"; };
		CE4922B32BB580F900BBF129 /* Assets.xcassets */ = {isa = PBXFileReference; lastKnownFileType = folder.assetcatalog; path = Assets.xcassets; sourceTree = "<group>"; };
		CE4922B62BB580F900BBF129 /* Base */ = {isa = PBXFileReference; lastKnownFileType = file.storyboard; name = Base; path = Base.lproj/LaunchScreen.storyboard; sourceTree = "<group>"; };
		CE4922B82BB580F900BBF129 /* Info.plist */ = {isa = PBXFileReference; lastKnownFileType = text.plist.xml; path = Info.plist; sourceTree = "<group>"; };
		CE4922BD2BB580F900BBF129 /* SpeedWriteAppTests.xctest */ = {isa = PBXFileReference; explicitFileType = wrapper.cfbundle; includeInIndex = 0; path = SpeedWriteAppTests.xctest; sourceTree = BUILT_PRODUCTS_DIR; };
		CE4922C12BB580F900BBF129 /* SpeedWriteAppTests.swift */ = {isa = PBXFileReference; lastKnownFileType = sourcecode.swift; path = SpeedWriteAppTests.swift; sourceTree = "<group>"; };
		CE4922C72BB580F900BBF129 /* SpeedWriteAppUITests.xctest */ = {isa = PBXFileReference; explicitFileType = wrapper.cfbundle; includeInIndex = 0; path = SpeedWriteAppUITests.xctest; sourceTree = BUILT_PRODUCTS_DIR; };
		CE4922CB2BB580F900BBF129 /* SpeedWriteAppUITests.swift */ = {isa = PBXFileReference; lastKnownFileType = sourcecode.swift; path = SpeedWriteAppUITests.swift; sourceTree = "<group>"; };
		CE4922CD2BB580F900BBF129 /* SpeedWriteAppUITestsLaunchTests.swift */ = {isa = PBXFileReference; lastKnownFileType = sourcecode.swift; path = SpeedWriteAppUITestsLaunchTests.swift; sourceTree = "<group>"; };
		CE4922DA2BB5AFD500BBF129 /* ShowScoreTableViewCell.swift */ = {isa = PBXFileReference; lastKnownFileType = sourcecode.swift; path = ShowScoreTableViewCell.swift; sourceTree = "<group>"; };
		CE4922DB2BB5AFD500BBF129 /* ShowScoreTableViewCell.xib */ = {isa = PBXFileReference; lastKnownFileType = file.xib; path = ShowScoreTableViewCell.xib; sourceTree = "<group>"; };
/* End PBXFileReference section */

/* Begin PBXFrameworksBuildPhase section */
		CE4922A12BB580F700BBF129 /* Frameworks */ = {
			isa = PBXFrameworksBuildPhase;
			buildActionMask = 2147483647;
			files = (
			);
			runOnlyForDeploymentPostprocessing = 0;
		};
		CE4922BA2BB580F900BBF129 /* Frameworks */ = {
			isa = PBXFrameworksBuildPhase;
			buildActionMask = 2147483647;
			files = (
			);
			runOnlyForDeploymentPostprocessing = 0;
		};
		CE4922C42BB580F900BBF129 /* Frameworks */ = {
			isa = PBXFrameworksBuildPhase;
			buildActionMask = 2147483647;
			files = (
			);
			runOnlyForDeploymentPostprocessing = 0;
		};
/* End PBXFrameworksBuildPhase section */

/* Begin PBXGroup section */
		CE49229B2BB580F700BBF129 = {
			isa = PBXGroup;
			children = (
				CE4922A62BB580F700BBF129 /* SpeedWriteApp */,
				CE4922C02BB580F900BBF129 /* SpeedWriteAppTests */,
				CE4922CA2BB580F900BBF129 /* SpeedWriteAppUITests */,
				CE4922A52BB580F700BBF129 /* Products */,
			);
			sourceTree = "<group>";
		};
		CE4922A52BB580F700BBF129 /* Products */ = {
			isa = PBXGroup;
			children = (
				CE4922A42BB580F700BBF129 /* SpeedWriteApp.app */,
				CE4922BD2BB580F900BBF129 /* SpeedWriteAppTests.xctest */,
				CE4922C72BB580F900BBF129 /* SpeedWriteAppUITests.xctest */,
			);
			name = Products;
			sourceTree = "<group>";
		};
		CE4922A62BB580F700BBF129 /* SpeedWriteApp */ = {
			isa = PBXGroup;
			children = (
				CE4922DE2BB5B74D00BBF129 /* ViewControllers */,
				CE4922A72BB580F700BBF129 /* AppDelegate.swift */,
				CE4922A92BB580F700BBF129 /* SceneDelegate.swift */,
				CE4922AD2BB580F700BBF129 /* Main.storyboard */,
				CE4922B32BB580F900BBF129 /* Assets.xcassets */,
				CE4922B52BB580F900BBF129 /* LaunchScreen.storyboard */,
				CE4922B82BB580F900BBF129 /* Info.plist */,
				CE4922B02BB580F700BBF129 /* SpeedWriteApp.xcdatamodeld */,
				CE4922DB2BB5AFD500BBF129 /* ShowScoreTableViewCell.xib */,
			);
			path = SpeedWriteApp;
			sourceTree = "<group>";
		};
		CE4922C02BB580F900BBF129 /* SpeedWriteAppTests */ = {
			isa = PBXGroup;
			children = (
				CE4922C12BB580F900BBF129 /* SpeedWriteAppTests.swift */,
			);
			path = SpeedWriteAppTests;
			sourceTree = "<group>";
		};
		CE4922CA2BB580F900BBF129 /* SpeedWriteAppUITests */ = {
			isa = PBXGroup;
			children = (
				CE4922CB2BB580F900BBF129 /* SpeedWriteAppUITests.swift */,
				CE4922CD2BB580F900BBF129 /* SpeedWriteAppUITestsLaunchTests.swift */,
			);
			path = SpeedWriteAppUITests;
			sourceTree = "<group>";
		};
		CE4922DE2BB5B74D00BBF129 /* ViewControllers */ = {
			isa = PBXGroup;
			children = (
				CE4922AB2BB580F700BBF129 /* GameViewController.swift */,
				CE4922DA2BB5AFD500BBF129 /* ShowScoreTableViewCell.swift */,
			);
			path = ViewControllers;
			sourceTree = "<group>";
		};
/* End PBXGroup section */

/* Begin PBXNativeTarget section */
		CE4922A32BB580F700BBF129 /* SpeedWriteApp */ = {
			isa = PBXNativeTarget;
			buildConfigurationList = CE4922D12BB580F900BBF129 /* Build configuration list for PBXNativeTarget "SpeedWriteApp" */;
			buildPhases = (
				CE4922A02BB580F700BBF129 /* Sources */,
				CE4922A12BB580F700BBF129 /* Frameworks */,
				CE4922A22BB580F700BBF129 /* Resources */,
			);
			buildRules = (
			);
			dependencies = (
			);
			name = SpeedWriteApp;
			productName = SpeedWriteApp;
			productReference = CE4922A42BB580F700BBF129 /* SpeedWriteApp.app */;
			productType = "com.apple.product-type.application";
		};
		CE4922BC2BB580F900BBF129 /* SpeedWriteAppTests */ = {
			isa = PBXNativeTarget;
			buildConfigurationList = CE4922D42BB580F900BBF129 /* Build configuration list for PBXNativeTarget "SpeedWriteAppTests" */;
			buildPhases = (
				CE4922B92BB580F900BBF129 /* Sources */,
				CE4922BA2BB580F900BBF129 /* Frameworks */,
				CE4922BB2BB580F900BBF129 /* Resources */,
			);
			buildRules = (
			);
			dependencies = (
				CE4922BF2BB580F900BBF129 /* PBXTargetDependency */,
			);
			name = SpeedWriteAppTests;
			productName = SpeedWriteAppTests;
			productReference = CE4922BD2BB580F900BBF129 /* SpeedWriteAppTests.xctest */;
			productType = "com.apple.product-type.bundle.unit-test";
		};
		CE4922C62BB580F900BBF129 /* SpeedWriteAppUITests */ = {
			isa = PBXNativeTarget;
			buildConfigurationList = CE4922D72BB580F900BBF129 /* Build configuration list for PBXNativeTarget "SpeedWriteAppUITests" */;
			buildPhases = (
				CE4922C32BB580F900BBF129 /* Sources */,
				CE4922C42BB580F900BBF129 /* Frameworks */,
				CE4922C52BB580F900BBF129 /* Resources */,
			);
			buildRules = (
			);
			dependencies = (
				CE4922C92BB580F900BBF129 /* PBXTargetDependency */,
			);
			name = SpeedWriteAppUITests;
			productName = SpeedWriteAppUITests;
			productReference = CE4922C72BB580F900BBF129 /* SpeedWriteAppUITests.xctest */;
			productType = "com.apple.product-type.bundle.ui-testing";
		};
/* End PBXNativeTarget section */

/* Begin PBXProject section */
		CE49229C2BB580F700BBF129 /* Project object */ = {
			isa = PBXProject;
			attributes = {
				BuildIndependentTargetsInParallel = 1;
				LastSwiftUpdateCheck = 1530;
				LastUpgradeCheck = 1530;
				TargetAttributes = {
					CE4922A32BB580F700BBF129 = {
						CreatedOnToolsVersion = 15.3;
					};
					CE4922BC2BB580F900BBF129 = {
						CreatedOnToolsVersion = 15.3;
						TestTargetID = CE4922A32BB580F700BBF129;
					};
					CE4922C62BB580F900BBF129 = {
						CreatedOnToolsVersion = 15.3;
						TestTargetID = CE4922A32BB580F700BBF129;
					};
				};
			};
			buildConfigurationList = CE49229F2BB580F700BBF129 /* Build configuration list for PBXProject "SpeedWriteApp" */;
			compatibilityVersion = "Xcode 14.0";
			developmentRegion = en;
			hasScannedForEncodings = 0;
			knownRegions = (
				en,
				Base,
			);
			mainGroup = CE49229B2BB580F700BBF129;
			productRefGroup = CE4922A52BB580F700BBF129 /* Products */;
			projectDirPath = "";
			projectRoot = "";
			targets = (
				CE4922A32BB580F700BBF129 /* SpeedWriteApp */,
				CE4922BC2BB580F900BBF129 /* SpeedWriteAppTests */,
				CE4922C62BB580F900BBF129 /* SpeedWriteAppUITests */,
			);
		};
/* End PBXProject section */

/* Begin PBXResourcesBuildPhase section */
		CE4922A22BB580F700BBF129 /* Resources */ = {
			isa = PBXResourcesBuildPhase;
			buildActionMask = 2147483647;
			files = (
				CE4922B42BB580F900BBF129 /* Assets.xcassets in Resources */,
				CE4922B72BB580F900BBF129 /* Base in Resources */,
				CE4922AF2BB580F700BBF129 /* Base in Resources */,
				CE4922DC2BB5AFD500BBF129 /* ShowScoreTableViewCell.xib in Resources */,
			);
			runOnlyForDeploymentPostprocessing = 0;
		};
		CE4922BB2BB580F900BBF129 /* Resources */ = {
			isa = PBXResourcesBuildPhase;
			buildActionMask = 2147483647;
			files = (
			);
			runOnlyForDeploymentPostprocessing = 0;
		};
		CE4922C52BB580F900BBF129 /* Resources */ = {
			isa = PBXResourcesBuildPhase;
			buildActionMask = 2147483647;
			files = (
			);
			runOnlyForDeploymentPostprocessing = 0;
		};
/* End PBXResourcesBuildPhase section */

/* Begin PBXSourcesBuildPhase section */
		CE4922A02BB580F700BBF129 /* Sources */ = {
			isa = PBXSourcesBuildPhase;
			buildActionMask = 2147483647;
			files = (
				CE4922DD2BB5AFD500BBF129 /* ShowScoreTableViewCell.swift in Sources */,
				CE4922AC2BB580F700BBF129 /* GameViewController.swift in Sources */,
				CE4922A82BB580F700BBF129 /* AppDelegate.swift in Sources */,
				CE4922AA2BB580F700BBF129 /* SceneDelegate.swift in Sources */,
				CE4922B22BB580F700BBF129 /* SpeedWriteApp.xcdatamodeld in Sources */,
			);
			runOnlyForDeploymentPostprocessing = 0;
		};
		CE4922B92BB580F900BBF129 /* Sources */ = {
			isa = PBXSourcesBuildPhase;
			buildActionMask = 2147483647;
			files = (
				CE4922C22BB580F900BBF129 /* SpeedWriteAppTests.swift in Sources */,
			);
			runOnlyForDeploymentPostprocessing = 0;
		};
		CE4922C32BB580F900BBF129 /* Sources */ = {
			isa = PBXSourcesBuildPhase;
			buildActionMask = 2147483647;
			files = (
				CE4922CE2BB580F900BBF129 /* SpeedWriteAppUITestsLaunchTests.swift in Sources */,
				CE4922CC2BB580F900BBF129 /* SpeedWriteAppUITests.swift in Sources */,
			);
			runOnlyForDeploymentPostprocessing = 0;
		};
/* End PBXSourcesBuildPhase section */

/* Begin PBXTargetDependency section */
		CE4922BF2BB580F900BBF129 /* PBXTargetDependency */ = {
			isa = PBXTargetDependency;
			target = CE4922A32BB580F700BBF129 /* SpeedWriteApp */;
			targetProxy = CE4922BE2BB580F900BBF129 /* PBXContainerItemProxy */;
		};
		CE4922C92BB580F900BBF129 /* PBXTargetDependency */ = {
			isa = PBXTargetDependency;
			target = CE4922A32BB580F700BBF129 /* SpeedWriteApp */;
			targetProxy = CE4922C82BB580F900BBF129 /* PBXContainerItemProxy */;
		};
/* End PBXTargetDependency section */

/* Begin PBXVariantGroup section */
		CE4922AD2BB580F700BBF129 /* Main.storyboard */ = {
			isa = PBXVariantGroup;
			children = (
				CE4922AE2BB580F700BBF129 /* Base */,
			);
			name = Main.storyboard;
			sourceTree = "<group>";
		};
		CE4922B52BB580F900BBF129 /* LaunchScreen.storyboard */ = {
			isa = PBXVariantGroup;
			children = (
				CE4922B62BB580F900BBF129 /* Base */,
			);
			name = LaunchScreen.storyboard;
			sourceTree = "<group>";
		};
/* End PBXVariantGroup section */

/* Begin XCBuildConfiguration section */
		CE4922CF2BB580F900BBF129 /* Debug */ = {
			isa = XCBuildConfiguration;
			buildSettings = {
				ALWAYS_SEARCH_USER_PATHS = NO;
				ASSETCATALOG_COMPILER_GENERATE_SWIFT_ASSET_SYMBOL_EXTENSIONS = YES;
				CLANG_ANALYZER_NONNULL = YES;
				CLANG_ANALYZER_NUMBER_OBJECT_CONVERSION = YES_AGGRESSIVE;
				CLANG_CXX_LANGUAGE_STANDARD = "gnu++20";
				CLANG_ENABLE_MODULES = YES;
				CLANG_ENABLE_OBJC_ARC = YES;
				CLANG_ENABLE_OBJC_WEAK = YES;
				CLANG_WARN_BLOCK_CAPTURE_AUTORELEASING = YES;
				CLANG_WARN_BOOL_CONVERSION = YES;
				CLANG_WARN_COMMA = YES;
				CLANG_WARN_CONSTANT_CONVERSION = YES;
				CLANG_WARN_DEPRECATED_OBJC_IMPLEMENTATIONS = YES;
				CLANG_WARN_DIRECT_OBJC_ISA_USAGE = YES_ERROR;
				CLANG_WARN_DOCUMENTATION_COMMENTS = YES;
				CLANG_WARN_EMPTY_BODY = YES;
				CLANG_WARN_ENUM_CONVERSION = YES;
				CLANG_WARN_INFINITE_RECURSION = YES;
				CLANG_WARN_INT_CONVERSION = YES;
				CLANG_WARN_NON_LITERAL_NULL_CONVERSION = YES;
				CLANG_WARN_OBJC_IMPLICIT_RETAIN_SELF = YES;
				CLANG_WARN_OBJC_LITERAL_CONVERSION = YES;
				CLANG_WARN_OBJC_ROOT_CLASS = YES_ERROR;
				CLANG_WARN_QUOTED_INCLUDE_IN_FRAMEWORK_HEADER = YES;
				CLANG_WARN_RANGE_LOOP_ANALYSIS = YES;
				CLANG_WARN_STRICT_PROTOTYPES = YES;
				CLANG_WARN_SUSPICIOUS_MOVE = YES;
				CLANG_WARN_UNGUARDED_AVAILABILITY = YES_AGGRESSIVE;
				CLANG_WARN_UNREACHABLE_CODE = YES;
				CLANG_WARN__DUPLICATE_METHOD_MATCH = YES;
				COPY_PHASE_STRIP = NO;
				DEBUG_INFORMATION_FORMAT = dwarf;
				ENABLE_STRICT_OBJC_MSGSEND = YES;
				ENABLE_TESTABILITY = YES;
				ENABLE_USER_SCRIPT_SANDBOXING = YES;
				GCC_C_LANGUAGE_STANDARD = gnu17;
				GCC_DYNAMIC_NO_PIC = NO;
				GCC_NO_COMMON_BLOCKS = YES;
				GCC_OPTIMIZATION_LEVEL = 0;
				GCC_PREPROCESSOR_DEFINITIONS = (
					"DEBUG=1",
					"$(inherited)",
				);
				GCC_WARN_64_TO_32_BIT_CONVERSION = YES;
				GCC_WARN_ABOUT_RETURN_TYPE = YES_ERROR;
				GCC_WARN_UNDECLARED_SELECTOR = YES;
				GCC_WARN_UNINITIALIZED_AUTOS = YES_AGGRESSIVE;
				GCC_WARN_UNUSED_FUNCTION = YES;
				GCC_WARN_UNUSED_VARIABLE = YES;
				IPHONEOS_DEPLOYMENT_TARGET = 17.4;
				LOCALIZATION_PREFERS_STRING_CATALOGS = YES;
				MTL_ENABLE_DEBUG_INFO = INCLUDE_SOURCE;
				MTL_FAST_MATH = YES;
				ONLY_ACTIVE_ARCH = YES;
				SDKROOT = iphoneos;
				SWIFT_ACTIVE_COMPILATION_CONDITIONS = "DEBUG $(inherited)";
				SWIFT_OPTIMIZATION_LEVEL = "-Onone";
			};
			name = Debug;
		};
		CE4922D02BB580F900BBF129 /* Release */ = {
			isa = XCBuildConfiguration;
			buildSettings = {
				ALWAYS_SEARCH_USER_PATHS = NO;
				ASSETCATALOG_COMPILER_GENERATE_SWIFT_ASSET_SYMBOL_EXTENSIONS = YES;
				CLANG_ANALYZER_NONNULL = YES;
				CLANG_ANALYZER_NUMBER_OBJECT_CONVERSION = YES_AGGRESSIVE;
				CLANG_CXX_LANGUAGE_STANDARD = "gnu++20";
				CLANG_ENABLE_MODULES = YES;
				CLANG_ENABLE_OBJC_ARC = YES;
				CLANG_ENABLE_OBJC_WEAK = YES;
				CLANG_WARN_BLOCK_CAPTURE_AUTORELEASING = YES;
				CLANG_WARN_BOOL_CONVERSION = YES;
				CLANG_WARN_COMMA = YES;
				CLANG_WARN_CONSTANT_CONVERSION = YES;
				CLANG_WARN_DEPRECATED_OBJC_IMPLEMENTATIONS = YES;
				CLANG_WARN_DIRECT_OBJC_ISA_USAGE = YES_ERROR;
				CLANG_WARN_DOCUMENTATION_COMMENTS = YES;
				CLANG_WARN_EMPTY_BODY = YES;
				CLANG_WARN_ENUM_CONVERSION = YES;
				CLANG_WARN_INFINITE_RECURSION = YES;
				CLANG_WARN_INT_CONVERSION = YES;
				CLANG_WARN_NON_LITERAL_NULL_CONVERSION = YES;
				CLANG_WARN_OBJC_IMPLICIT_RETAIN_SELF = YES;
				CLANG_WARN_OBJC_LITERAL_CONVERSION = YES;
				CLANG_WARN_OBJC_ROOT_CLASS = YES_ERROR;
				CLANG_WARN_QUOTED_INCLUDE_IN_FRAMEWORK_HEADER = YES;
				CLANG_WARN_RANGE_LOOP_ANALYSIS = YES;
				CLANG_WARN_STRICT_PROTOTYPES = YES;
				CLANG_WARN_SUSPICIOUS_MOVE = YES;
				CLANG_WARN_UNGUARDED_AVAILABILITY = YES_AGGRESSIVE;
				CLANG_WARN_UNREACHABLE_CODE = YES;
				CLANG_WARN__DUPLICATE_METHOD_MATCH = YES;
				COPY_PHASE_STRIP = NO;
				DEBUG_INFORMATION_FORMAT = "dwarf-with-dsym";
				ENABLE_NS_ASSERTIONS = NO;
				ENABLE_STRICT_OBJC_MSGSEND = YES;
				ENABLE_USER_SCRIPT_SANDBOXING = YES;
				GCC_C_LANGUAGE_STANDARD = gnu17;
				GCC_NO_COMMON_BLOCKS = YES;
				GCC_WARN_64_TO_32_BIT_CONVERSION = YES;
				GCC_WARN_ABOUT_RETURN_TYPE = YES_ERROR;
				GCC_WARN_UNDECLARED_SELECTOR = YES;
				GCC_WARN_UNINITIALIZED_AUTOS = YES_AGGRESSIVE;
				GCC_WARN_UNUSED_FUNCTION = YES;
				GCC_WARN_UNUSED_VARIABLE = YES;
				IPHONEOS_DEPLOYMENT_TARGET = 17.4;
				LOCALIZATION_PREFERS_STRING_CATALOGS = YES;
				MTL_ENABLE_DEBUG_INFO = NO;
				MTL_FAST_MATH = YES;
				SDKROOT = iphoneos;
				SWIFT_COMPILATION_MODE = wholemodule;
				VALIDATE_PRODUCT = YES;
			};
			name = Release;
		};
		CE4922D22BB580F900BBF129 /* Debug */ = {
			isa = XCBuildConfiguration;
			buildSettings = {
				ASSETCATALOG_COMPILER_APPICON_NAME = AppIcon;
				ASSETCATALOG_COMPILER_GLOBAL_ACCENT_COLOR_NAME = AccentColor;
				CODE_SIGN_STYLE = Automatic;
				CURRENT_PROJECT_VERSION = 1;
				GENERATE_INFOPLIST_FILE = YES;
				INFOPLIST_FILE = SpeedWriteApp/Info.plist;
				INFOPLIST_KEY_UIApplicationSupportsIndirectInputEvents = YES;
				INFOPLIST_KEY_UILaunchStoryboardName = LaunchScreen;
				INFOPLIST_KEY_UIMainStoryboardFile = Main;
				INFOPLIST_KEY_UISupportedInterfaceOrientations_iPad = "UIInterfaceOrientationPortrait UIInterfaceOrientationPortraitUpsideDown UIInterfaceOrientationLandscapeLeft UIInterfaceOrientationLandscapeRight";
				INFOPLIST_KEY_UISupportedInterfaceOrientations_iPhone = "UIInterfaceOrientationPortrait UIInterfaceOrientationLandscapeLeft UIInterfaceOrientationLandscapeRight";
				LD_RUNPATH_SEARCH_PATHS = (
					"$(inherited)",
					"@executable_path/Frameworks",
				);
				MARKETING_VERSION = 1.0;
				PRODUCT_BUNDLE_IDENTIFIER = com.example.SpeedWriteApp;
				PRODUCT_NAME = "$(TARGET_NAME)";
				SWIFT_EMIT_LOC_STRINGS = YES;
				SWIFT_VERSION = 5.0;
				TARGETED_DEVICE_FAMILY = "1,2";
			};
			name = Debug;
		};
		CE4922D32BB580F900BBF129 /* Release */ = {
			isa = XCBuildConfiguration;
			buildSettings = {
				ASSETCATALOG_COMPILER_APPICON_NAME = AppIcon;
				ASSETCATALOG_COMPILER_GLOBAL_ACCENT_COLOR_NAME = AccentColor;
				CODE_SIGN_STYLE = Automatic;
				CURRENT_PROJECT_VERSION = 1;
				GENERATE_INFOPLIST_FILE = YES;
				INFOPLIST_FILE = SpeedWriteApp/Info.plist;
				INFOPLIST_KEY_UIApplicationSupportsIndirectInputEvents = YES;
				INFOPLIST_KEY_UILaunchStoryboardName = LaunchScreen;
				INFOPLIST_KEY_UIMainStoryboardFile = Main;
				INFOPLIST_KEY_UISupportedInterfaceOrientations_iPad = "UIInterfaceOrientationPortrait UIInterfaceOrientationPortraitUpsideDown UIInterfaceOrientationLandscapeLeft UIInterfaceOrientationLandscapeRight";
				INFOPLIST_KEY_UISupportedInterfaceOrientations_iPhone = "UIInterfaceOrientationPortrait UIInterfaceOrientationLandscapeLeft UIInterfaceOrientationLandscapeRight";
				LD_RUNPATH_SEARCH_PATHS = (
					"$(inherited)",
					"@executable_path/Frameworks",
				);
				MARKETING_VERSION = 1.0;
				PRODUCT_BUNDLE_IDENTIFIER = com.example.SpeedWriteApp;
				PRODUCT_NAME = "$(TARGET_NAME)";
				SWIFT_EMIT_LOC_STRINGS = YES;
				SWIFT_VERSION = 5.0;
				TARGETED_DEVICE_FAMILY = "1,2";
			};
			name = Release;
		};
		CE4922D52BB580F900BBF129 /* Debug */ = {
			isa = XCBuildConfiguration;
			buildSettings = {
				ALWAYS_EMBED_SWIFT_STANDARD_LIBRARIES = YES;
				BUNDLE_LOADER = "$(TEST_HOST)";
				CODE_SIGN_STYLE = Automatic;
				CURRENT_PROJECT_VERSION = 1;
				GENERATE_INFOPLIST_FILE = YES;
				IPHONEOS_DEPLOYMENT_TARGET = 17.4;
				MARKETING_VERSION = 1.0;
				PRODUCT_BUNDLE_IDENTIFIER = com.example.SpeedWriteAppTests;
				PRODUCT_NAME = "$(TARGET_NAME)";
				SWIFT_EMIT_LOC_STRINGS = NO;
				SWIFT_VERSION = 5.0;
				TARGETED_DEVICE_FAMILY = "1,2";
				TEST_HOST = "$(BUILT_PRODUCTS_DIR)/SpeedWriteApp.app/$(BUNDLE_EXECUTABLE_FOLDER_PATH)/SpeedWriteApp";
			};
			name = Debug;
		};
		CE4922D62BB580F900BBF129 /* Release */ = {
			isa = XCBuildConfiguration;
			buildSettings = {
				ALWAYS_EMBED_SWIFT_STANDARD_LIBRARIES = YES;
				BUNDLE_LOADER = "$(TEST_HOST)";
				CODE_SIGN_STYLE = Automatic;
				CURRENT_PROJECT_VERSION = 1;
				GENERATE_INFOPLIST_FILE = YES;
				IPHONEOS_DEPLOYMENT_TARGET = 17.4;
				MARKETING_VERSION = 1.0;
				PRODUCT_BUNDLE_IDENTIFIER = com.example.SpeedWriteAppTests;
				PRODUCT_NAME = "$(TARGET_NAME)";
				SWIFT_EMIT_LOC_STRINGS = NO;
				SWIFT_VERSION = 5.0;
				TARGETED_DEVICE_FAMILY = "1,2";
				TEST_HOST = "$(BUILT_PRODUCTS_DIR)/SpeedWriteApp.app/$(BUNDLE_EXECUTABLE_FOLDER_PATH)/SpeedWriteApp";
			};
			name = Release;
		};
		CE4922D82BB580F900BBF129 /* Debug */ = {
			isa = XCBuildConfiguration;
			buildSettings = {
				ALWAYS_EMBED_SWIFT_STANDARD_LIBRARIES = YES;
				CODE_SIGN_STYLE = Automatic;
				CURRENT_PROJECT_VERSION = 1;
				GENERATE_INFOPLIST_FILE = YES;
				MARKETING_VERSION = 1.0;
				PRODUCT_BUNDLE_IDENTIFIER = com.example.SpeedWriteAppUITests;
				PRODUCT_NAME = "$(TARGET_NAME)";
				SWIFT_EMIT_LOC_STRINGS = NO;
				SWIFT_VERSION = 5.0;
				TARGETED_DEVICE_FAMILY = "1,2";
				TEST_TARGET_NAME = SpeedWriteApp;
			};
			name = Debug;
		};
		CE4922D92BB580F900BBF129 /* Release */ = {
			isa = XCBuildConfiguration;
			buildSettings = {
				ALWAYS_EMBED_SWIFT_STANDARD_LIBRARIES = YES;
				CODE_SIGN_STYLE = Automatic;
				CURRENT_PROJECT_VERSION = 1;
				GENERATE_INFOPLIST_FILE = YES;
				MARKETING_VERSION = 1.0;
				PRODUCT_BUNDLE_IDENTIFIER = com.example.SpeedWriteAppUITests;
				PRODUCT_NAME = "$(TARGET_NAME)";
				SWIFT_EMIT_LOC_STRINGS = NO;
				SWIFT_VERSION = 5.0;
				TARGETED_DEVICE_FAMILY = "1,2";
				TEST_TARGET_NAME = SpeedWriteApp;
			};
			name = Release;
		};
/* End XCBuildConfiguration section */

/* Begin XCConfigurationList section */
		CE49229F2BB580F700BBF129 /* Build configuration list for PBXProject "SpeedWriteApp" */ = {
			isa = XCConfigurationList;
			buildConfigurations = (
				CE4922CF2BB580F900BBF129 /* Debug */,
				CE4922D02BB580F900BBF129 /* Release */,
			);
			defaultConfigurationIsVisible = 0;
			defaultConfigurationName = Release;
		};
		CE4922D12BB580F900BBF129 /* Build configuration list for PBXNativeTarget "SpeedWriteApp" */ = {
			isa = XCConfigurationList;
			buildConfigurations = (
				CE4922D22BB580F900BBF129 /* Debug */,
				CE4922D32BB580F900BBF129 /* Release */,
			);
			defaultConfigurationIsVisible = 0;
			defaultConfigurationName = Release;
		};
		CE4922D42BB580F900BBF129 /* Build configuration list for PBXNativeTarget "SpeedWriteAppTests" */ = {
			isa = XCConfigurationList;
			buildConfigurations = (
				CE4922D52BB580F900BBF129 /* Debug */,
				CE4922D62BB580F900BBF129 /* Release */,
			);
			defaultConfigurationIsVisible = 0;
			defaultConfigurationName = Release;
		};
		CE4922D72BB580F900BBF129 /* Build configuration list for PBXNativeTarget "SpeedWriteAppUITests" */ = {
			isa = XCConfigurationList;
			buildConfigurations = (
				CE4922D82BB580F900BBF129 /* Debug */,
				CE4922D92BB580F900BBF129 /* Release */,
			);
			defaultConfigurationIsVisible = 0;
			defaultConfigurationName = Release;
		};
/* End XCConfigurationList section */

/* Begin XCVersionGroup section */
		CE4922B02BB580F700BBF129 /* SpeedWriteApp.xcdatamodeld */ = {
			isa = XCVersionGroup;
			children = (
				CE4922B12BB580F700BBF129 /* SpeedWriteApp.xcdatamodel */,
			);
			currentVersion = CE4922B12BB580F700BBF129 /* SpeedWriteApp.xcdatamodel */;
			path = SpeedWriteApp.xcdatamodeld;
			sourceTree = "<group>";
			versionGroupType = wrapper.xcdatamodel;
		};
/* End XCVersionGroup section */
	};
	rootObject = CE49229C2BB580F700BBF129 /* Project object */;
}
